[root]
name = "futures-await-macros"
version = "0.1.0"
dependencies = [
 "quote 0.3.15 (registry+https://github.com/rust-lang/crates.io-index)",
 "syn 0.11.11 (git+https://github.com/alexcrichton/syn?branch=yield)",
]

[[package]]
name = "futures"
version = "0.1.13"
source = "registry+https://github.com/rust-lang/crates.io-index"

[[package]]
name = "futures-await"
version = "0.1.0"
dependencies = [
 "futures 0.1.13 (registry+https://github.com/rust-lang/crates.io-index)",
 "futures-await-macros 0.1.0",
]

[[package]]
name = "quote"
version = "0.3.15"
source = "registry+https://github.com/rust-lang/crates.io-index"

[[package]]
name = "syn"
version = "0.11.11"
source = "git+https://github.com/alexcrichton/syn?branch=yield#128bed8feaee9ab14881e6f10f920a76fc4c58c8"
dependencies = [
 "quote 0.3.15 (registry+https://github.com/rust-lang/crates.io-index)",
 "synom 0.11.3 (git+https://github.com/alexcrichton/syn?branch=yield)",
 "unicode-xid 0.0.4 (registry+https://github.com/rust-lang/crates.io-index)",
]

[[package]]
name = "synom"
version = "0.11.3"
source = "git+https://github.com/alexcrichton/syn?branch=yield#128bed8feaee9ab14881e6f10f920a76fc4c58c8"
dependencies = [
 "unicode-xid 0.0.4 (registry+https://github.com/rust-lang/crates.io-index)",
]

[[package]]
name = "unicode-xid"
version = "0.0.4"
source = "registry+https://github.com/rust-lang/crates.io-index"

[metadata]
"checksum futures 0.1.13 (registry+https://github.com/rust-lang/crates.io-index)" = "55f0008e13fc853f79ea8fc86e931486860d4c4c156cdffb59fa5f7fa833660a"
"checksum quote 0.3.15 (registry+https://github.com/rust-lang/crates.io-index)" = "7a6e920b65c65f10b2ae65c831a81a073a89edd28c7cce89475bff467ab4167a"
"checksum syn 0.11.11 (git+https://github.com/alexcrichton/syn?branch=yield)" = "<none>"
"checksum synom 0.11.3 (git+https://github.com/alexcrichton/syn?branch=yield)" = "<none>"
"checksum unicode-xid 0.0.4 (registry+https://github.com/rust-lang/crates.io-index)" = "8c1f860d7d29cf02cb2f3f359fd35991af3d30bac52c57d265a3c461074cb4dc"
